
Microsoft Visual Studio Solution File, Format Version 12.00
# Visual Studio 15
VisualStudioVersion = 15.0.28010.2036
MinimumVisualStudioVersion = 10.0.40219.1
Project("{FAE04EC0-301F-11D3-BF4B-00C04F79EFBC}") = "MVCRockers", "MVCRockers\MVCRockers.csproj", "{2C4ABA16-AF9A-48B9-9FD5-7748A28D4688}"
EndProject
Project("{FAE04EC0-301F-11D3-BF4B-00C04F79EFBC}") = "MVCRockers.Tests", "MVCRockers.Tests\MVCRockers.Tests.csproj", "{F86AAF80-9A31-4796-BC78-7729B3BE084B}"
EndProject
Global
	GlobalSection(SolutionConfigurationPlatforms) = preSolution
		Debug|Any CPU = Debug|Any CPU
		Release|Any CPU = Release|Any CPU
	EndGlobalSection
	GlobalSection(ProjectConfigurationPlatforms) = postSolution
		{2C4ABA16-AF9A-48B9-9FD5-7748A28D4688}.Debug|Any CPU.ActiveCfg = Debug|Any CPU
		{2C4ABA16-AF9A-48B9-9FD5-7748A28D4688}.Debug|Any CPU.Build.0 = Debug|Any CPU
		{2C4ABA16-AF9A-48B9-9FD5-7748A28D4688}.Release|Any CPU.ActiveCfg = Release|Any CPU
		{2C4ABA16-AF9A-48B9-9FD5-7748A28D4688}.Release|Any CPU.Build.0 = Release|Any CPU
		{F86AAF80-9A31-4796-BC78-7729B3BE084B}.Debug|Any CPU.ActiveCfg = Debug|Any CPU
		{F86AAF80-9A31-4796-BC78-7729B3BE084B}.Debug|Any CPU.Build.0 = Debug|Any CPU
		{F86AAF80-9A31-4796-BC78-7729B3BE084B}.Release|Any CPU.ActiveCfg = Release|Any CPU
		{F86AAF80-9A31-4796-BC78-7729B3BE084B}.Release|Any CPU.Build.0 = Release|Any CPU
	EndGlobalSection
	GlobalSection(SolutionProperties) = preSolution
		HideSolutionNode = FALSE
	EndGlobalSection
	GlobalSection(ExtensibilityGlobals) = postSolution
		SolutionGuid = {99419273-E827-473A-BC9F-EAE0603C4177}
	EndGlobalSection
EndGlobal
